// !$*UTF8*$!
{
	archiveVersion = 1;
	classes = {
	};
	objectVersion = 46;
	objects = {

/* Begin PBXBuildFile section */
		0495CA3A1ECD8FAD0041B602 /* PlanTableViewCell.m in Sources */ = {isa = PBXBuildFile; fileRef = 0495CA391ECD8FAD0041B602 /* PlanTableViewCell.m */; };
		04D020FD1ECD700200CFC47C /* CALayer+ButtonLayer.m in Sources */ = {isa = PBXBuildFile; fileRef = 04D020FC1ECD700200CFC47C /* CALayer+ButtonLayer.m */; };
		54C953DF29C82F540082704F /* GetConfigFileController.m in Sources */ = {isa = PBXBuildFile; fileRef = 54C953BD29C82F540082704F /* GetConfigFileController.m */; };
		54C953E029C82F540082704F /* UpdateUserInfoViewController.m in Sources */ = {isa = PBXBuildFile; fileRef = 54C953C629C82F540082704F /* UpdateUserInfoViewController.m */; };
		54C953E129C82F540082704F /* BPDataController.m in Sources */ = {isa = PBXBuildFile; fileRef = 54C953C829C82F540082704F /* BPDataController.m */; };
		54C953E229C82F540082704F /* OauthViewController.m in Sources */ = {isa = PBXBuildFile; fileRef = 54C953C929C82F540082704F /* OauthViewController.m */; };
		54C953E329C82F540082704F /* LoginViewController.m in Sources */ = {isa = PBXBuildFile; fileRef = 54C953CB29C82F540082704F /* LoginViewController.m */; };
		54C953E429C82F540082704F /* ResetPasswordViewController.m in Sources */ = {isa = PBXBuildFile; fileRef = 54C953CD29C82F540082704F /* ResetPasswordViewController.m */; };
		54C953E529C82F540082704F /* UploadEcgViewController.m in Sources */ = {isa = PBXBuildFile; fileRef = 54C953CE29C82F540082704F /* UploadEcgViewController.m */; };
		54C953E629C82F540082704F /* GetUserInfoViewController.m in Sources */ = {isa = PBXBuildFile; fileRef = 54C953CF29C82F540082704F /* GetUserInfoViewController.m */; };
		54C953E729C82F540082704F /* BpSetDataViewController.m in Sources */ = {isa = PBXBuildFile; fileRef = 54C953D029C82F540082704F /* BpSetDataViewController.m */; };
		54C953E829C82F540082704F /* MoneyViewController.m in Sources */ = {isa = PBXBuildFile; fileRef = 54C953D129C82F540082704F /* MoneyViewController.m */; };
		54C953E929C82F540082704F /* MyFamilyViewController.m in Sources */ = {isa = PBXBuildFile; fileRef = 54C953D429C82F540082704F /* MyFamilyViewController.m */; };
		54C953EA29C82F540082704F /* BpAllTestController.m in Sources */ = {isa = PBXBuildFile; fileRef = 54C953D529C82F540082704F /* BpAllTestController.m */; };
		54C953EB29C82F540082704F /* DiseaseViewController.m in Sources */ = {isa = PBXBuildFile; fileRef = 54C953D629C82F540082704F /* DiseaseViewController.m */; };
		54C953EC29C82F540082704F /* MemberRegistViewController.m in Sources */ = {isa = PBXBuildFile; fileRef = 54C953D729C82F540082704F /* MemberRegistViewController.m */; };
		54C953ED29C82F540082704F /* BPPlanController.m in Sources */ = {isa = PBXBuildFile; fileRef = 54C953D829C82F540082704F /* BPPlanController.m */; };
		54C953EE29C82F540082704F /* BpPlanViewController.m in Sources */ = {isa = PBXBuildFile; fileRef = 54C953DA29C82F540082704F /* BpPlanViewController.m */; };
		54C953EF29C82F540082704F /* BindDeviceViewController.m in Sources */ = {isa = PBXBuildFile; fileRef = 54C953DC29C82F540082704F /* BindDeviceViewController.m */; };
		7B2EA9C11ECD973800E8A538 /* BpDataCell.m in Sources */ = {isa = PBXBuildFile; fileRef = 7B2EA9C01ECD973800E8A538 /* BpDataCell.m */; };
		7BBDDA131EF0D01700165A0F /* WaveView.m in Sources */ = {isa = PBXBuildFile; fileRef = 7BBDDA121EF0D01700165A0F /* WaveView.m */; };
		7BBDDA161EF0D1F500165A0F /* NSString+Extra.m in Sources */ = {isa = PBXBuildFile; fileRef = 7BBDDA151EF0D1F500165A0F /* NSString+Extra.m */; };
		7BEB08A61F441E2E00E164CB /* DfthDB.framework in Frameworks */ = {isa = PBXBuildFile; fileRef = 7BEB08A21F441E2E00E164CB /* DfthDB.framework */; };
		7BEB08A71F441E2E00E164CB /* DfthNetwork.framework in Frameworks */ = {isa = PBXBuildFile; fileRef = 7BEB08A31F441E2E00E164CB /* DfthNetwork.framework */; };
		7BEB08A81F441E2E00E164CB /* DfthSDK.framework in Frameworks */ = {isa = PBXBuildFile; fileRef = 7BEB08A41F441E2E00E164CB /* DfthSDK.framework */; };
		7BEB08A91F441E2E00E164CB /* DfthUtilities.framework in Frameworks */ = {isa = PBXBuildFile; fileRef = 7BEB08A51F441E2E00E164CB /* DfthUtilities.framework */; };
		8437CF871F00F385004C3C99 /* libPods-DfthSDKDemo.a in Frameworks */ = {isa = PBXBuildFile; fileRef = 08B69BDA7576135AC02B3CAA /* libPods-DfthSDKDemo.a */; };
		848766501F41A91100ABC131 /* SingleResultViewController.m in Sources */ = {isa = PBXBuildFile; fileRef = 8487664F1F41A91000ABC131 /* SingleResultViewController.m */; };
		848766531F41A97C00ABC131 /* SportView.m in Sources */ = {isa = PBXBuildFile; fileRef = 848766521F41A97C00ABC131 /* SportView.m */; };
		848766561F41A9C000ABC131 /* SingleResultDatasView.m in Sources */ = {isa = PBXBuildFile; fileRef = 848766551F41A9C000ABC131 /* SingleResultDatasView.m */; };
		848766591F41AA1F00ABC131 /* EcgResultSlider.m in Sources */ = {isa = PBXBuildFile; fileRef = 848766581F41AA1F00ABC131 /* EcgResultSlider.m */; };
		957FC0661E8357930015E459 /* main.m in Sources */ = {isa = PBXBuildFile; fileRef = 957FC0651E8357930015E459 /* main.m */; };
		957FC0691E8357930015E459 /* AppDelegate.m in Sources */ = {isa = PBXBuildFile; fileRef = 957FC0681E8357930015E459 /* AppDelegate.m */; };
		957FC06F1E8357930015E459 /* Main.storyboard in Resources */ = {isa = PBXBuildFile; fileRef = 957FC06D1E8357930015E459 /* Main.storyboard */; };
		957FC0711E8357930015E459 /* Assets.xcassets in Resources */ = {isa = PBXBuildFile; fileRef = 957FC0701E8357930015E459 /* Assets.xcassets */; };
		957FC0741E8357930015E459 /* LaunchScreen.storyboard in Resources */ = {isa = PBXBuildFile; fileRef = 957FC0721E8357930015E459 /* LaunchScreen.storyboard */; };
		957FC0801E8357CB0015E459 /* libstdc++.tbd in Frameworks */ = {isa = PBXBuildFile; fileRef = 957FC07F1E8357CB0015E459 /* libstdc++.tbd */; };
		95C98A251E83723E00C9347B /* SingleEcgController.m in Sources */ = {isa = PBXBuildFile; fileRef = 95C98A221E83723E00C9347B /* SingleEcgController.m */; };
		95C98A2B1E8372CD00C9347B /* TweleveEcgController.m in Sources */ = {isa = PBXBuildFile; fileRef = 95C98A2A1E8372CD00C9347B /* TweleveEcgController.m */; };
		95C98A2E1E8372DC00C9347B /* BPController.m in Sources */ = {isa = PBXBuildFile; fileRef = 95C98A2D1E8372DC00C9347B /* BPController.m */; };
		95C98A311E8372EA00C9347B /* NetworkController.m in Sources */ = {isa = PBXBuildFile; fileRef = 95C98A301E8372EA00C9347B /* NetworkController.m */; };
		95CA3D211E83763A00D2F8B8 /* UIView+Category.m in Sources */ = {isa = PBXBuildFile; fileRef = 95CA3D201E83763A00D2F8B8 /* UIView+Category.m */; };
		95CA3D291E83AFD500D2F8B8 /* GlobleData.m in Sources */ = {isa = PBXBuildFile; fileRef = 95CA3D281E83AFD500D2F8B8 /* GlobleData.m */; };
/* End PBXBuildFile section */

/* Begin PBXFileReference section */
		0495CA381ECD8FAD0041B602 /* PlanTableViewCell.h */ = {isa = PBXFileReference; fileEncoding = 4; lastKnownFileType = sourcecode.c.h; path = PlanTableViewCell.h; sourceTree = "<group>"; };
		0495CA391ECD8FAD0041B602 /* PlanTableViewCell.m */ = {isa = PBXFileReference; fileEncoding = 4; lastKnownFileType = sourcecode.c.objc; path = PlanTableViewCell.m; sourceTree = "<group>"; };
		04D020FB1ECD700200CFC47C /* CALayer+ButtonLayer.h */ = {isa = PBXFileReference; fileEncoding = 4; lastKnownFileType = sourcecode.c.h; path = "CALayer+ButtonLayer.h"; sourceTree = "<group>"; };
		04D020FC1ECD700200CFC47C /* CALayer+ButtonLayer.m */ = {isa = PBXFileReference; fileEncoding = 4; lastKnownFileType = sourcecode.c.objc; path = "CALayer+ButtonLayer.m"; sourceTree = "<group>"; };
		08B69BDA7576135AC02B3CAA /* libPods-DfthSDKDemo.a */ = {isa = PBXFileReference; explicitFileType = archive.ar; includeInIndex = 0; path = "libPods-DfthSDKDemo.a"; sourceTree = BUILT_PRODUCTS_DIR; };
		2E21C852EE35743852DD94B2 /* Pods-DfthSDKDemo.release.xcconfig */ = {isa = PBXFileReference; includeInIndex = 1; lastKnownFileType = text.xcconfig; name = "Pods-DfthSDKDemo.release.xcconfig"; path = "../Pods/Target Support Files/Pods-DfthSDKDemo/Pods-DfthSDKDemo.release.xcconfig"; sourceTree = "<group>"; };
		518C017E2F71B5A51D2E2C14 /* Pods-DfthSDKDemo.debug.xcconfig */ = {isa = PBXFileReference; includeInIndex = 1; lastKnownFileType = text.xcconfig; name = "Pods-DfthSDKDemo.debug.xcconfig"; path = "../Pods/Target Support Files/Pods-DfthSDKDemo/Pods-DfthSDKDemo.debug.xcconfig"; sourceTree = "<group>"; };
		54C953BD29C82F540082704F /* GetConfigFileController.m */ = {isa = PBXFileReference; fileEncoding = 4; lastKnownFileType = sourcecode.c.objc; path = GetConfigFileController.m; sourceTree = "<group>"; };
		54C953BE29C82F540082704F /* BpSetDataViewController.h */ = {isa = PBXFileReference; fileEncoding = 4; lastKnownFileType = sourcecode.c.h; path = BpSetDataViewController.h; sourceTree = "<group>"; };
		54C953BF29C82F540082704F /* MoneyViewController.h */ = {isa = PBXFileReference; fileEncoding = 4; lastKnownFileType = sourcecode.c.h; path = MoneyViewController.h; sourceTree = "<group>"; };
		54C953C029C82F540082704F /* UploadEcgViewController.h */ = {isa = PBXFileReference; fileEncoding = 4; lastKnownFileType = sourcecode.c.h; path = UploadEcgViewController.h; sourceTree = "<group>"; };
		54C953C129C82F540082704F /* GetUserInfoViewController.h */ = {isa = PBXFileReference; fileEncoding = 4; lastKnownFileType = sourcecode.c.h; path = GetUserInfoViewController.h; sourceTree = "<group>"; };
		54C953C229C82F540082704F /* MemberRegistViewController.h */ = {isa = PBXFileReference; fileEncoding = 4; lastKnownFileType = sourcecode.c.h; path = MemberRegistViewController.h; sourceTree = "<group>"; };
		54C953C329C82F540082704F /* DiseaseViewController.h */ = {isa = PBXFileReference; fileEncoding = 4; lastKnownFileType = sourcecode.c.h; path = DiseaseViewController.h; sourceTree = "<group>"; };
		54C953C429C82F540082704F /* BpAllTestController.h */ = {isa = PBXFileReference; fileEncoding = 4; lastKnownFileType = sourcecode.c.h; path = BpAllTestController.h; sourceTree = "<group>"; };
		54C953C529C82F540082704F /* MyFamilyViewController.h */ = {isa = PBXFileReference; fileEncoding = 4; lastKnownFileType = sourcecode.c.h; path = MyFamilyViewController.h; sourceTree = "<group>"; };
		54C953C629C82F540082704F /* UpdateUserInfoViewController.m */ = {isa = PBXFileReference; fileEncoding = 4; lastKnownFileType = sourcecode.c.objc; path = UpdateUserInfoViewController.m; sourceTree = "<group>"; };
		54C953C729C82F540082704F /* BindDeviceViewController.h */ = {isa = PBXFileReference; fileEncoding = 4; lastKnownFileType = sourcecode.c.h; path = BindDeviceViewController.h; sourceTree = "<group>"; };
		54C953C829C82F540082704F /* BPDataController.m */ = {isa = PBXFileReference; fileEncoding = 4; lastKnownFileType = sourcecode.c.objc; path = BPDataController.m; sourceTree = "<group>"; };
		54C953C929C82F540082704F /* OauthViewController.m */ = {isa = PBXFileReference; fileEncoding = 4; lastKnownFileType = sourcecode.c.objc; path = OauthViewController.m; sourceTree = "<group>"; };
		54C953CA29C82F540082704F /* BpPlanViewController.h */ = {isa = PBXFileReference; fileEncoding = 4; lastKnownFileType = sourcecode.c.h; path = BpPlanViewController.h; sourceTree = "<group>"; };
		54C953CB29C82F540082704F /* LoginViewController.m */ = {isa = PBXFileReference; fileEncoding = 4; lastKnownFileType = sourcecode.c.objc; path = LoginViewController.m; sourceTree = "<group>"; };
		54C953CC29C82F540082704F /* BPPlanController.h */ = {isa = PBXFileReference; fileEncoding = 4; lastKnownFileType = sourcecode.c.h; path = BPPlanController.h; sourceTree = "<group>"; };
		54C953CD29C82F540082704F /* ResetPasswordViewController.m */ = {isa = PBXFileReference; fileEncoding = 4; lastKnownFileType = sourcecode.c.objc; path = ResetPasswordViewController.m; sourceTree = "<group>"; };
		54C953CE29C82F540082704F /* UploadEcgViewController.m */ = {isa = PBXFileReference; fileEncoding = 4; lastKnownFileType = sourcecode.c.objc; path = UploadEcgViewController.m; sourceTree = "<group>"; };
		54C953CF29C82F540082704F /* GetUserInfoViewController.m */ = {isa = PBXFileReference; fileEncoding = 4; lastKnownFileType = sourcecode.c.objc; path = GetUserInfoViewController.m; sourceTree = "<group>"; };
		54C953D029C82F540082704F /* BpSetDataViewController.m */ = {isa = PBXFileReference; fileEncoding = 4; lastKnownFileType = sourcecode.c.objc; path = BpSetDataViewController.m; sourceTree = "<group>"; };
		54C953D129C82F540082704F /* MoneyViewController.m */ = {isa = PBXFileReference; fileEncoding = 4; lastKnownFileType = sourcecode.c.objc; path = MoneyViewController.m; sourceTree = "<group>"; };
		54C953D229C82F540082704F /* GetConfigFileController.h */ = {isa = PBXFileReference; fileEncoding = 4; lastKnownFileType = sourcecode.c.h; path = GetConfigFileController.h; sourceTree = "<group>"; };
		54C953D329C82F540082704F /* UpdateUserInfoViewController.h */ = {isa = PBXFileReference; fileEncoding = 4; lastKnownFileType = sourcecode.c.h; path = UpdateUserInfoViewController.h; sourceTree = "<group>"; };
		54C953D429C82F540082704F /* MyFamilyViewController.m */ = {isa = PBXFileReference; fileEncoding = 4; lastKnownFileType = sourcecode.c.objc; path = MyFamilyViewController.m; sourceTree = "<group>"; };
		54C953D529C82F540082704F /* BpAllTestController.m */ = {isa = PBXFileReference; fileEncoding = 4; lastKnownFileType = sourcecode.c.objc; path = BpAllTestController.m; sourceTree = "<group>"; };
		54C953D629C82F540082704F /* DiseaseViewController.m */ = {isa = PBXFileReference; fileEncoding = 4; lastKnownFileType = sourcecode.c.objc; path = DiseaseViewController.m; sourceTree = "<group>"; };
		54C953D729C82F540082704F /* MemberRegistViewController.m */ = {isa = PBXFileReference; fileEncoding = 4; lastKnownFileType = sourcecode.c.objc; path = MemberRegistViewController.m; sourceTree = "<group>"; };
		54C953D829C82F540082704F /* BPPlanController.m */ = {isa = PBXFileReference; fileEncoding = 4; lastKnownFileType = sourcecode.c.objc; path = BPPlanController.m; sourceTree = "<group>"; };
		54C953D929C82F540082704F /* LoginViewController.h */ = {isa = PBXFileReference; fileEncoding = 4; lastKnownFileType = sourcecode.c.h; path = LoginViewController.h; sourceTree = "<group>"; };
		54C953DA29C82F540082704F /* BpPlanViewController.m */ = {isa = PBXFileReference; fileEncoding = 4; lastKnownFileType = sourcecode.c.objc; path = BpPlanViewController.m; sourceTree = "<group>"; };
		54C953DB29C82F540082704F /* OauthViewController.h */ = {isa = PBXFileReference; fileEncoding = 4; lastKnownFileType = sourcecode.c.h; path = OauthViewController.h; sourceTree = "<group>"; };
		54C953DC29C82F540082704F /* BindDeviceViewController.m */ = {isa = PBXFileReference; fileEncoding = 4; lastKnownFileType = sourcecode.c.objc; path = BindDeviceViewController.m; sourceTree = "<group>"; };
		54C953DD29C82F540082704F /* BPDataController.h */ = {isa = PBXFileReference; fileEncoding = 4; lastKnownFileType = sourcecode.c.h; path = BPDataController.h; sourceTree = "<group>"; };
		54C953DE29C82F540082704F /* ResetPasswordViewController.h */ = {isa = PBXFileReference; fileEncoding = 4; lastKnownFileType = sourcecode.c.h; path = ResetPasswordViewController.h; sourceTree = "<group>"; };
		7B2EA9BF1ECD973800E8A538 /* BpDataCell.h */ = {isa = PBXFileReference; fileEncoding = 4; lastKnownFileType = sourcecode.c.h; path = BpDataCell.h; sourceTree = "<group>"; };
		7B2EA9C01ECD973800E8A538 /* BpDataCell.m */ = {isa = PBXFileReference; fileEncoding = 4; lastKnownFileType = sourcecode.c.objc; path = BpDataCell.m; sourceTree = "<group>"; };
		7BBDDA111EF0D01700165A0F /* WaveView.h */ = {isa = PBXFileReference; fileEncoding = 4; lastKnownFileType = sourcecode.c.h; path = WaveView.h; sourceTree = "<group>"; };
		7BBDDA121EF0D01700165A0F /* WaveView.m */ = {isa = PBXFileReference; fileEncoding = 4; lastKnownFileType = sourcecode.c.objc; path = WaveView.m; sourceTree = "<group>"; };
		7BBDDA141EF0D1F500165A0F /* NSString+Extra.h */ = {isa = PBXFileReference; fileEncoding = 4; lastKnownFileType = sourcecode.c.h; path = "NSString+Extra.h"; sourceTree = "<group>"; };
		7BBDDA151EF0D1F500165A0F /* NSString+Extra.m */ = {isa = PBXFileReference; fileEncoding = 4; lastKnownFileType = sourcecode.c.objc; path = "NSString+Extra.m"; sourceTree = "<group>"; };
		7BEB08A21F441E2E00E164CB /* DfthDB.framework */ = {isa = PBXFileReference; lastKnownFileType = wrapper.framework; name = DfthDB.framework; path = DfthSDKDemo/DfthSDK/DfthDB.framework; sourceTree = "<group>"; };
		7BEB08A31F441E2E00E164CB /* DfthNetwork.framework */ = {isa = PBXFileReference; lastKnownFileType = wrapper.framework; name = DfthNetwork.framework; path = DfthSDKDemo/DfthSDK/DfthNetwork.framework; sourceTree = "<group>"; };
		7BEB08A41F441E2E00E164CB /* DfthSDK.framework */ = {isa = PBXFileReference; lastKnownFileType = wrapper.framework; name = DfthSDK.framework; path = DfthSDKDemo/DfthSDK/DfthSDK.framework; sourceTree = "<group>"; };
		7BEB08A51F441E2E00E164CB /* DfthUtilities.framework */ = {isa = PBXFileReference; lastKnownFileType = wrapper.framework; name = DfthUtilities.framework; path = DfthSDKDemo/DfthSDK/DfthUtilities.framework; sourceTree = "<group>"; };
		7BFBAB1D1ECEC0E600CA66C2 /* DfthSDKDemo.entitlements */ = {isa = PBXFileReference; lastKnownFileType = text.plist.entitlements; path = DfthSDKDemo.entitlements; sourceTree = "<group>"; };
		8487664E1F41A91000ABC131 /* SingleResultViewController.h */ = {isa = PBXFileReference; fileEncoding = 4; lastKnownFileType = sourcecode.c.h; path = SingleResultViewController.h; sourceTree = "<group>"; };
		8487664F1F41A91000ABC131 /* SingleResultViewController.m */ = {isa = PBXFileReference; fileEncoding = 4; lastKnownFileType = sourcecode.c.objc; path = SingleResultViewController.m; sourceTree = "<group>"; };
		848766511F41A97C00ABC131 /* SportView.h */ = {isa = PBXFileReference; fileEncoding = 4; lastKnownFileType = sourcecode.c.h; path = SportView.h; sourceTree = "<group>"; };
		848766521F41A97C00ABC131 /* SportView.m */ = {isa = PBXFileReference; fileEncoding = 4; lastKnownFileType = sourcecode.c.objc; path = SportView.m; sourceTree = "<group>"; };
		848766541F41A9C000ABC131 /* SingleResultDatasView.h */ = {isa = PBXFileReference; fileEncoding = 4; lastKnownFileType = sourcecode.c.h; path = SingleResultDatasView.h; sourceTree = "<group>"; };
		848766551F41A9C000ABC131 /* SingleResultDatasView.m */ = {isa = PBXFileReference; fileEncoding = 4; lastKnownFileType = sourcecode.c.objc; path = SingleResultDatasView.m; sourceTree = "<group>"; };
		848766571F41AA1F00ABC131 /* EcgResultSlider.h */ = {isa = PBXFileReference; fileEncoding = 4; lastKnownFileType = sourcecode.c.h; path = EcgResultSlider.h; sourceTree = "<group>"; };
		848766581F41AA1F00ABC131 /* EcgResultSlider.m */ = {isa = PBXFileReference; fileEncoding = 4; lastKnownFileType = sourcecode.c.objc; path = EcgResultSlider.m; sourceTree = "<group>"; };
		957FC0611E8357930015E459 /* DfthSDKDemo.app */ = {isa = PBXFileReference; explicitFileType = wrapper.application; includeInIndex = 0; path = DfthSDKDemo.app; sourceTree = BUILT_PRODUCTS_DIR; };
		957FC0651E8357930015E459 /* main.m */ = {isa = PBXFileReference; lastKnownFileType = sourcecode.c.objc; path = main.m; sourceTree = "<group>"; };
		957FC0671E8357930015E459 /* AppDelegate.h */ = {isa = PBXFileReference; lastKnownFileType = sourcecode.c.h; path = AppDelegate.h; sourceTree = "<group>"; };
		957FC0681E8357930015E459 /* AppDelegate.m */ = {isa = PBXFileReference; lastKnownFileType = sourcecode.c.objc; path = AppDelegate.m; sourceTree = "<group>"; };
		957FC06E1E8357930015E459 /* Base */ = {isa = PBXFileReference; lastKnownFileType = file.storyboard; name = Base; path = Base.lproj/Main.storyboard; sourceTree = "<group>"; };
		957FC0701E8357930015E459 /* Assets.xcassets */ = {isa = PBXFileReference; lastKnownFileType = folder.assetcatalog; path = Assets.xcassets; sourceTree = "<group>"; };
		957FC0731E8357930015E459 /* Base */ = {isa = PBXFileReference; lastKnownFileType = file.storyboard; name = Base; path = Base.lproj/LaunchScreen.storyboard; sourceTree = "<group>"; };
		957FC0751E8357930015E459 /* Info.plist */ = {isa = PBXFileReference; lastKnownFileType = text.plist.xml; path = Info.plist; sourceTree = "<group>"; };
		957FC07F1E8357CB0015E459 /* libstdc++.tbd */ = {isa = PBXFileReference; lastKnownFileType = "sourcecode.text-based-dylib-definition"; name = "libstdc++.tbd"; path = "usr/lib/libstdc++.tbd"; sourceTree = SDKROOT; };
		957FC0821E8358270015E459 /* DfthSDKDemo.pch */ = {isa = PBXFileReference; fileEncoding = 4; lastKnownFileType = sourcecode.c.h; path = DfthSDKDemo.pch; sourceTree = "<group>"; };
		95C98A211E83723E00C9347B /* SingleEcgController.h */ = {isa = PBXFileReference; fileEncoding = 4; lastKnownFileType = sourcecode.c.h; path = SingleEcgController.h; sourceTree = "<group>"; };
		95C98A221E83723E00C9347B /* SingleEcgController.m */ = {isa = PBXFileReference; fileEncoding = 4; lastKnownFileType = sourcecode.c.objc; path = SingleEcgController.m; sourceTree = "<group>"; };
		95C98A291E8372CD00C9347B /* TweleveEcgController.h */ = {isa = PBXFileReference; fileEncoding = 4; lastKnownFileType = sourcecode.c.h; path = TweleveEcgController.h; sourceTree = "<group>"; };
		95C98A2A1E8372CD00C9347B /* TweleveEcgController.m */ = {isa = PBXFileReference; fileEncoding = 4; lastKnownFileType = sourcecode.c.objc; path = TweleveEcgController.m; sourceTree = "<group>"; };
		95C98A2C1E8372DC00C9347B /* BPController.h */ = {isa = PBXFileReference; fileEncoding = 4; lastKnownFileType = sourcecode.c.h; path = BPController.h; sourceTree = "<group>"; };
		95C98A2D1E8372DC00C9347B /* BPController.m */ = {isa = PBXFileReference; fileEncoding = 4; lastKnownFileType = sourcecode.c.objc; path = BPController.m; sourceTree = "<group>"; };
		95C98A2F1E8372EA00C9347B /* NetworkController.h */ = {isa = PBXFileReference; fileEncoding = 4; lastKnownFileType = sourcecode.c.h; path = NetworkController.h; sourceTree = "<group>"; };
		95C98A301E8372EA00C9347B /* NetworkController.m */ = {isa = PBXFileReference; fileEncoding = 4; lastKnownFileType = sourcecode.c.objc; path = NetworkController.m; sourceTree = "<group>"; };
		95CA3D1F1E83763A00D2F8B8 /* UIView+Category.h */ = {isa = PBXFileReference; fileEncoding = 4; lastKnownFileType = sourcecode.c.h; path = "UIView+Category.h"; sourceTree = "<group>"; };
		95CA3D201E83763A00D2F8B8 /* UIView+Category.m */ = {isa = PBXFileReference; fileEncoding = 4; lastKnownFileType = sourcecode.c.objc; path = "UIView+Category.m"; sourceTree = "<group>"; };
		95CA3D271E83AFD500D2F8B8 /* GlobleData.h */ = {isa = PBXFileReference; fileEncoding = 4; lastKnownFileType = sourcecode.c.h; path = GlobleData.h; sourceTree = "<group>"; };
		95CA3D281E83AFD500D2F8B8 /* GlobleData.m */ = {isa = PBXFileReference; fileEncoding = 4; lastKnownFileType = sourcecode.c.objc; path = GlobleData.m; sourceTree = "<group>"; };
/* End PBXFileReference section */

/* Begin PBXFrameworksBuildPhase section */
		957FC05E1E8357930015E459 /* Frameworks */ = {
			isa = PBXFrameworksBuildPhase;
			buildActionMask = 2147483647;
			files = (
				7BEB08A61F441E2E00E164CB /* DfthDB.framework in Frameworks */,
				7BEB08A71F441E2E00E164CB /* DfthNetwork.framework in Frameworks */,
				7BEB08A81F441E2E00E164CB /* DfthSDK.framework in Frameworks */,
				7BEB08A91F441E2E00E164CB /* DfthUtilities.framework in Frameworks */,
				8437CF871F00F385004C3C99 /* libPods-DfthSDKDemo.a in Frameworks */,
				957FC0801E8357CB0015E459 /* libstdc++.tbd in Frameworks */,
			);
			runOnlyForDeploymentPostprocessing = 0;
		};
/* End PBXFrameworksBuildPhase section */

/* Begin PBXGroup section */
		3AA30ECD5FFE4D3963D6F2CB /* Pods */ = {
			isa = PBXGroup;
			children = (
				518C017E2F71B5A51D2E2C14 /* Pods-DfthSDKDemo.debug.xcconfig */,
				2E21C852EE35743852DD94B2 /* Pods-DfthSDKDemo.release.xcconfig */,
			);
			name = Pods;
			sourceTree = "<group>";
		};
		54C953BC29C82F540082704F /* network */ = {
			isa = PBXGroup;
			children = (
				54C953BD29C82F540082704F /* GetConfigFileController.m */,
				54C953BE29C82F540082704F /* BpSetDataViewController.h */,
				54C953BF29C82F540082704F /* MoneyViewController.h */,
				54C953C029C82F540082704F /* UploadEcgViewController.h */,
				54C953C129C82F540082704F /* GetUserInfoViewController.h */,
				54C953C229C82F540082704F /* MemberRegistViewController.h */,
				54C953C329C82F540082704F /* DiseaseViewController.h */,
				54C953C429C82F540082704F /* BpAllTestController.h */,
				54C953C529C82F540082704F /* MyFamilyViewController.h */,
				54C953C629C82F540082704F /* UpdateUserInfoViewController.m */,
				54C953C729C82F540082704F /* BindDeviceViewController.h */,
				54C953C829C82F540082704F /* BPDataController.m */,
				54C953C929C82F540082704F /* OauthViewController.m */,
				54C953CA29C82F540082704F /* BpPlanViewController.h */,
				54C953CB29C82F540082704F /* LoginViewController.m */,
				54C953CC29C82F540082704F /* BPPlanController.h */,
				54C953CD29C82F540082704F /* ResetPasswordViewController.m */,
				54C953CE29C82F540082704F /* UploadEcgViewController.m */,
				54C953CF29C82F540082704F /* GetUserInfoViewController.m */,
				54C953D029C82F540082704F /* BpSetDataViewController.m */,
				54C953D129C82F540082704F /* MoneyViewController.m */,
				54C953D229C82F540082704F /* GetConfigFileController.h */,
				54C953D329C82F540082704F /* UpdateUserInfoViewController.h */,
				54C953D429C82F540082704F /* MyFamilyViewController.m */,
				54C953D529C82F540082704F /* BpAllTestController.m */,
				54C953D629C82F540082704F /* DiseaseViewController.m */,
				54C953D729C82F540082704F /* MemberRegistViewController.m */,
				54C953D829C82F540082704F /* BPPlanController.m */,
				54C953D929C82F540082704F /* LoginViewController.h */,
				54C953DA29C82F540082704F /* BpPlanViewController.m */,
				54C953DB29C82F540082704F /* OauthViewController.h */,
				54C953DC29C82F540082704F /* BindDeviceViewController.m */,
				54C953DD29C82F540082704F /* BPDataController.h */,
				54C953DE29C82F540082704F /* ResetPasswordViewController.h */,
			);
			path = network;
			sourceTree = "<group>";
		};
		957FC0581E8357930015E459 = {
			isa = PBXGroup;
			children = (
				957FC0631E8357930015E459 /* DfthSDKDemo */,
				957FC0621E8357930015E459 /* Products */,
				957FC07B1E8357BE0015E459 /* Frameworks */,
				3AA30ECD5FFE4D3963D6F2CB /* Pods */,
			);
			sourceTree = "<group>";
		};
		957FC0621E8357930015E459 /* Products */ = {
			isa = PBXGroup;
			children = (
				957FC0611E8357930015E459 /* DfthSDKDemo.app */,
			);
			name = Products;
			sourceTree = "<group>";
		};
		957FC0631E8357930015E459 /* DfthSDKDemo */ = {
			isa = PBXGroup;
			children = (
				7BFBAB1D1ECEC0E600CA66C2 /* DfthSDKDemo.entitlements */,
				95CA3D261E83AFBA00D2F8B8 /* Utils */,
				95C98A201E83723E00C9347B /* Controller */,
				95C98A231E83723E00C9347B /* model */,
				95C98A241E83723E00C9347B /* View */,
				957FC0671E8357930015E459 /* AppDelegate.h */,
				957FC0681E8357930015E459 /* AppDelegate.m */,
				957FC06D1E8357930015E459 /* Main.storyboard */,
				957FC0701E8357930015E459 /* Assets.xcassets */,
				957FC0721E8357930015E459 /* LaunchScreen.storyboard */,
				957FC0751E8357930015E459 /* Info.plist */,
				957FC0641E8357930015E459 /* Supporting Files */,
				7B2EA9BF1ECD973800E8A538 /* BpDataCell.h */,
				7B2EA9C01ECD973800E8A538 /* BpDataCell.m */,
			);
			path = DfthSDKDemo;
			sourceTree = "<group>";
		};
		957FC0641E8357930015E459 /* Supporting Files */ = {
			isa = PBXGroup;
			children = (
				957FC0821E8358270015E459 /* DfthSDKDemo.pch */,
				957FC0651E8357930015E459 /* main.m */,
			);
			name = "Supporting Files";
			sourceTree = "<group>";
		};
		957FC07B1E8357BE0015E459 /* Frameworks */ = {
			isa = PBXGroup;
			children = (
				7BEB08A21F441E2E00E164CB /* DfthDB.framework */,
				7BEB08A31F441E2E00E164CB /* DfthNetwork.framework */,
				7BEB08A41F441E2E00E164CB /* DfthSDK.framework */,
				7BEB08A51F441E2E00E164CB /* DfthUtilities.framework */,
				957FC07F1E8357CB0015E459 /* libstdc++.tbd */,
				08B69BDA7576135AC02B3CAA /* libPods-DfthSDKDemo.a */,
			);
			name = Frameworks;
			sourceTree = "<group>";
		};
		95C98A201E83723E00C9347B /* Controller */ = {
			isa = PBXGroup;
			children = (
				54C953BC29C82F540082704F /* network */,
				95C98A211E83723E00C9347B /* SingleEcgController.h */,
				95C98A221E83723E00C9347B /* SingleEcgController.m */,
				8487664E1F41A91000ABC131 /* SingleResultViewController.h */,
				8487664F1F41A91000ABC131 /* SingleResultViewController.m */,
				848766571F41AA1F00ABC131 /* EcgResultSlider.h */,
				848766581F41AA1F00ABC131 /* EcgResultSlider.m */,
				848766541F41A9C000ABC131 /* SingleResultDatasView.h */,
				848766551F41A9C000ABC131 /* SingleResultDatasView.m */,
				848766511F41A97C00ABC131 /* SportView.h */,
				848766521F41A97C00ABC131 /* SportView.m */,
				95C98A291E8372CD00C9347B /* TweleveEcgController.h */,
				95C98A2A1E8372CD00C9347B /* TweleveEcgController.m */,
				95C98A2C1E8372DC00C9347B /* BPController.h */,
				95C98A2D1E8372DC00C9347B /* BPController.m */,
				95C98A2F1E8372EA00C9347B /* NetworkController.h */,
				95C98A301E8372EA00C9347B /* NetworkController.m */,
			);
			path = Controller;
			sourceTree = "<group>";
		};
		95C98A231E83723E00C9347B /* model */ = {
			isa = PBXGroup;
			children = (
			);
			path = model;
			sourceTree = "<group>";
		};
		95C98A241E83723E00C9347B /* View */ = {
			isa = PBXGroup;
			children = (
				7BBDDA111EF0D01700165A0F /* WaveView.h */,
				7BBDDA121EF0D01700165A0F /* WaveView.m */,
				95CA3D1F1E83763A00D2F8B8 /* UIView+Category.h */,
				95CA3D201E83763A00D2F8B8 /* UIView+Category.m */,
				0495CA381ECD8FAD0041B602 /* PlanTableViewCell.h */,
				0495CA391ECD8FAD0041B602 /* PlanTableViewCell.m */,
			);
			path = View;
			sourceTree = "<group>";
		};
		95CA3D261E83AFBA00D2F8B8 /* Utils */ = {
			isa = PBXGroup;
			children = (
				7BBDDA141EF0D1F500165A0F /* NSString+Extra.h */,
				7BBDDA151EF0D1F500165A0F /* NSString+Extra.m */,
				95CA3D271E83AFD500D2F8B8 /* GlobleData.h */,
				95CA3D281E83AFD500D2F8B8 /* GlobleData.m */,
				04D020FB1ECD700200CFC47C /* CALayer+ButtonLayer.h */,
				04D020FC1ECD700200CFC47C /* CALayer+ButtonLayer.m */,
			);
			path = Utils;
			sourceTree = "<group>";
		};
/* End PBXGroup section */

/* Begin PBXNativeTarget section */
		957FC0601E8357930015E459 /* DfthSDKDemo */ = {
			isa = PBXNativeTarget;
			buildConfigurationList = 957FC0781E8357930015E459 /* Build configuration list for PBXNativeTarget "DfthSDKDemo" */;
			buildPhases = (
				C5DFF6163772D24FD4DB59DE /* [CP] Check Pods Manifest.lock */,
				957FC05D1E8357930015E459 /* Sources */,
				957FC05E1E8357930015E459 /* Frameworks */,
				957FC05F1E8357930015E459 /* Resources */,
			);
			buildRules = (
			);
			dependencies = (
			);
			name = DfthSDKDemo;
			productName = DfthSDKDemo;
			productReference = 957FC0611E8357930015E459 /* DfthSDKDemo.app */;
			productType = "com.apple.product-type.application";
		};
/* End PBXNativeTarget section */

/* Begin PBXProject section */
		957FC0591E8357930015E459 /* Project object */ = {
			isa = PBXProject;
			attributes = {
				LastUpgradeCheck = 0820;
				ORGANIZATIONNAME = "yue gao";
				TargetAttributes = {
					957FC0601E8357930015E459 = {
						CreatedOnToolsVersion = 8.2.1;
						DevelopmentTeam = 4DK6QLK2RE;
						ProvisioningStyle = Automatic;
						SystemCapabilities = {
							com.apple.BackgroundModes = {
								enabled = 1;
							};
							com.apple.DataProtection = {
								enabled = 0;
							};
						};
					};
				};
			};
			buildConfigurationList = 957FC05C1E8357930015E459 /* Build configuration list for PBXProject "DfthSDKDemo" */;
			compatibilityVersion = "Xcode 3.2";
			developmentRegion = English;
			hasScannedForEncodings = 0;
			knownRegions = (
				English,
				en,
				Base,
			);
			mainGroup = 957FC0581E8357930015E459;
			productRefGroup = 957FC0621E8357930015E459 /* Products */;
			projectDirPath = "";
			projectRoot = "";
			targets = (
				957FC0601E8357930015E459 /* DfthSDKDemo */,
			);
		};
/* End PBXProject section */

/* Begin PBXResourcesBuildPhase section */
		957FC05F1E8357930015E459 /* Resources */ = {
			isa = PBXResourcesBuildPhase;
			buildActionMask = 2147483647;
			files = (
				957FC0741E8357930015E459 /* LaunchScreen.storyboard in Resources */,
				957FC0711E8357930015E459 /* Assets.xcassets in Resources */,
				957FC06F1E8357930015E459 /* Main.storyboard in Resources */,
			);
			runOnlyForDeploymentPostprocessing = 0;
		};
/* End PBXResourcesBuildPhase section */

/* Begin PBXShellScriptBuildPhase section */
		C5DFF6163772D24FD4DB59DE /* [CP] Check Pods Manifest.lock */ = {
			isa = PBXShellScriptBuildPhase;
			buildActionMask = 2147483647;
			files = (
			);
			inputPaths = (
				"${PODS_PODFILE_DIR_PATH}/Podfile.lock",
				"${PODS_ROOT}/Manifest.lock",
			);
			name = "[CP] Check Pods Manifest.lock";
			outputPaths = (
				"$(DERIVED_FILE_DIR)/Pods-DfthSDKDemo-checkManifestLockResult.txt",
			);
			runOnlyForDeploymentPostprocessing = 0;
			shellPath = /bin/sh;
			shellScript = "diff \"${PODS_PODFILE_DIR_PATH}/Podfile.lock\" \"${PODS_ROOT}/Manifest.lock\" > /dev/null\nif [ $? != 0 ] ; then\n    # print error to STDERR\n    echo \"error: The sandbox is not in sync with the Podfile.lock. Run 'pod install' or update your CocoaPods installation.\" >&2\n    exit 1\nfi\n# This output is used by Xcode 'outputs' to avoid re-running this script phase.\necho \"SUCCESS\" > \"${SCRIPT_OUTPUT_FILE_0}\"\n";
			showEnvVarsInLog = 0;
		};
/* End PBXShellScriptBuildPhase section */

/* Begin PBXSourcesBuildPhase section */
		957FC05D1E8357930015E459 /* Sources */ = {
			isa = PBXSourcesBuildPhase;
			buildActionMask = 2147483647;
			files = (
				54C953E029C82F540082704F /* UpdateUserInfoViewController.m in Sources */,
				95CA3D291E83AFD500D2F8B8 /* GlobleData.m in Sources */,
				95C98A251E83723E00C9347B /* SingleEcgController.m in Sources */,
				95C98A2E1E8372DC00C9347B /* BPController.m in Sources */,
				04D020FD1ECD700200CFC47C /* CALayer+ButtonLayer.m in Sources */,
				54C953EB29C82F540082704F /* DiseaseViewController.m in Sources */,
				54C953E429C82F540082704F /* ResetPasswordViewController.m in Sources */,
				957FC0691E8357930015E459 /* AppDelegate.m in Sources */,
				957FC0661E8357930015E459 /* main.m in Sources */,
				54C953DF29C82F540082704F /* GetConfigFileController.m in Sources */,
				54C953E829C82F540082704F /* MoneyViewController.m in Sources */,
				95C98A311E8372EA00C9347B /* NetworkController.m in Sources */,
				7BBDDA131EF0D01700165A0F /* WaveView.m in Sources */,
				848766561F41A9C000ABC131 /* SingleResultDatasView.m in Sources */,
				54C953ED29C82F540082704F /* BPPlanController.m in Sources */,
				54C953E629C82F540082704F /* GetUserInfoViewController.m in Sources */,
				54C953E229C82F540082704F /* OauthViewController.m in Sources */,
				848766591F41AA1F00ABC131 /* EcgResultSlider.m in Sources */,
				848766501F41A91100ABC131 /* SingleResultViewController.m in Sources */,
				54C953EC29C82F540082704F /* MemberRegistViewController.m in Sources */,
				54C953E529C82F540082704F /* UploadEcgViewController.m in Sources */,
				95C98A2B1E8372CD00C9347B /* TweleveEcgController.m in Sources */,
				95CA3D211E83763A00D2F8B8 /* UIView+Category.m in Sources */,
				7BBDDA161EF0D1F500165A0F /* NSString+Extra.m in Sources */,
				848766531F41A97C00ABC131 /* SportView.m in Sources */,
				54C953E929C82F540082704F /* MyFamilyViewController.m in Sources */,
				54C953E729C82F540082704F /* BpSetDataViewController.m in Sources */,
				54C953EA29C82F540082704F /* BpAllTestController.m in Sources */,
				54C953E129C82F540082704F /* BPDataController.m in Sources */,
				54C953EE29C82F540082704F /* BpPlanViewController.m in Sources */,
				0495CA3A1ECD8FAD0041B602 /* PlanTableViewCell.m in Sources */,
				54C953EF29C82F540082704F /* BindDeviceViewController.m in Sources */,
				54C953E329C82F540082704F /* LoginViewController.m in Sources */,
				7B2EA9C11ECD973800E8A538 /* BpDataCell.m in Sources */,
			);
			runOnlyForDeploymentPostprocessing = 0;
		};
/* End PBXSourcesBuildPhase section */

/* Begin PBXVariantGroup section */
		957FC06D1E8357930015E459 /* Main.storyboard */ = {
			isa = PBXVariantGroup;
			children = (
				957FC06E1E8357930015E459 /* Base */,
			);
			name = Main.storyboard;
			sourceTree = "<group>";
		};
		957FC0721E8357930015E459 /* LaunchScreen.storyboard */ = {
			isa = PBXVariantGroup;
			children = (
				957FC0731E8357930015E459 /* Base */,
			);
			name = LaunchScreen.storyboard;
			sourceTree = "<group>";
		};
/* End PBXVariantGroup section */

/* Begin XCBuildConfiguration section */
		957FC0761E8357930015E459 /* Debug */ = {
			isa = XCBuildConfiguration;
			buildSettings = {
				ALWAYS_SEARCH_USER_PATHS = NO;
				CLANG_ANALYZER_NONNULL = YES;
				CLANG_CXX_LANGUAGE_STANDARD = "gnu++0x";
				CLANG_CXX_LIBRARY = "libc++";
				CLANG_ENABLE_MODULES = YES;
				CLANG_ENABLE_OBJC_ARC = YES;
				CLANG_WARN_BOOL_CONVERSION = YES;
				CLANG_WARN_CONSTANT_CONVERSION = YES;
				CLANG_WARN_DIRECT_OBJC_ISA_USAGE = YES_ERROR;
				CLANG_WARN_DOCUMENTATION_COMMENTS = YES;
				CLANG_WARN_EMPTY_BODY = YES;
				CLANG_WARN_ENUM_CONVERSION = YES;
				CLANG_WARN_INFINITE_RECURSION = YES;
				CLANG_WARN_INT_CONVERSION = YES;
				CLANG_WARN_OBJC_ROOT_CLASS = YES_ERROR;
				CLANG_WARN_SUSPICIOUS_MOVE = YES;
				CLANG_WARN_UNREACHABLE_CODE = YES;
				CLANG_WARN__DUPLICATE_METHOD_MATCH = YES;
				CODE_SIGN_IDENTITY = "iPhone Developer";
				"CODE_SIGN_IDENTITY[sdk=iphoneos*]" = "iPhone Developer";
				COPY_PHASE_STRIP = NO;
				DEBUG_INFORMATION_FORMAT = dwarf;
				ENABLE_STRICT_OBJC_MSGSEND = YES;
				ENABLE_TESTABILITY = YES;
				GCC_C_LANGUAGE_STANDARD = gnu99;
				GCC_DYNAMIC_NO_PIC = NO;
				GCC_NO_COMMON_BLOCKS = YES;
				GCC_OPTIMIZATION_LEVEL = 0;
				GCC_PREPROCESSOR_DEFINITIONS = (
					"DEBUG=1",
					"$(inherited)",
				);
				GCC_WARN_64_TO_32_BIT_CONVERSION = YES;
				GCC_WARN_ABOUT_RETURN_TYPE = YES_ERROR;
				GCC_WARN_UNDECLARED_SELECTOR = YES;
				GCC_WARN_UNINITIALIZED_AUTOS = YES_AGGRESSIVE;
				GCC_WARN_UNUSED_FUNCTION = YES;
				GCC_WARN_UNUSED_VARIABLE = YES;
				IPHONEOS_DEPLOYMENT_TARGET = 10.2;
				MTL_ENABLE_DEBUG_INFO = YES;
				ONLY_ACTIVE_ARCH = NO;
				SDKROOT = iphoneos;
			};
			name = Debug;
		};
		957FC0771E8357930015E459 /* Release */ = {
			isa = XCBuildConfiguration;
			buildSettings = {
				ALWAYS_SEARCH_USER_PATHS = NO;
				CLANG_ANALYZER_NONNULL = YES;
				CLANG_CXX_LANGUAGE_STANDARD = "gnu++0x";
				CLANG_CXX_LIBRARY = "libc++";
				CLANG_ENABLE_MODULES = YES;
				CLANG_ENABLE_OBJC_ARC = YES;
				CLANG_WARN_BOOL_CONVERSION = YES;
				CLANG_WARN_CONSTANT_CONVERSION = YES;
				CLANG_WARN_DIRECT_OBJC_ISA_USAGE = YES_ERROR;
				CLANG_WARN_DOCUMENTATION_COMMENTS = YES;
				CLANG_WARN_EMPTY_BODY = YES;
				CLANG_WARN_ENUM_CONVERSION = YES;
				CLANG_WARN_INFINITE_RECURSION = YES;
				CLANG_WARN_INT_CONVERSION = YES;
				CLANG_WARN_OBJC_ROOT_CLASS = YES_ERROR;
				CLANG_WARN_SUSPICIOUS_MOVE = YES;
				CLANG_WARN_UNREACHABLE_CODE = YES;
				CLANG_WARN__DUPLICATE_METHOD_MATCH = YES;
				CODE_SIGN_IDENTITY = "iPhone Developer";
				"CODE_SIGN_IDENTITY[sdk=iphoneos*]" = "iPhone Developer";
				COPY_PHASE_STRIP = NO;
				DEBUG_INFORMATION_FORMAT = "dwarf-with-dsym";
				ENABLE_NS_ASSERTIONS = NO;
				ENABLE_STRICT_OBJC_MSGSEND = YES;
				GCC_C_LANGUAGE_STANDARD = gnu99;
				GCC_NO_COMMON_BLOCKS = YES;
				GCC_WARN_64_TO_32_BIT_CONVERSION = YES;
				GCC_WARN_ABOUT_RETURN_TYPE = YES_ERROR;
				GCC_WARN_UNDECLARED_SELECTOR = YES;
				GCC_WARN_UNINITIALIZED_AUTOS = YES_AGGRESSIVE;
				GCC_WARN_UNUSED_FUNCTION = YES;
				GCC_WARN_UNUSED_VARIABLE = YES;
				IPHONEOS_DEPLOYMENT_TARGET = 10.2;
				MTL_ENABLE_DEBUG_INFO = NO;
				ONLY_ACTIVE_ARCH = NO;
				SDKROOT = iphoneos;
				VALIDATE_PRODUCT = YES;
			};
			name = Release;
		};
		957FC0791E8357930015E459 /* Debug */ = {
			isa = XCBuildConfiguration;
			baseConfigurationReference = 518C017E2F71B5A51D2E2C14 /* Pods-DfthSDKDemo.debug.xcconfig */;
			buildSettings = {
				ALWAYS_SEARCH_USER_PATHS = NO;
				ASSETCATALOG_COMPILER_APPICON_NAME = AppIcon;
				CODE_SIGN_IDENTITY = "iPhone Developer";
				"CODE_SIGN_IDENTITY[sdk=iphoneos*]" = "iPhone Developer";
				DEVELOPMENT_TEAM = 4DK6QLK2RE;
				ENABLE_BITCODE = NO;
				FRAMEWORK_SEARCH_PATHS = (
					"$(inherited)",
					"$(PROJECT_DIR)/DfthSDKDemo/DfthSDK",
				);
				GCC_PREFIX_HEADER = "$(SRCROOT)/DfthSDKDemo/DfthSDKDemo.pch";
				INFOPLIST_FILE = DfthSDKDemo/Info.plist;
				IPHONEOS_DEPLOYMENT_TARGET = 14.0;
				LD_RUNPATH_SEARCH_PATHS = "$(inherited) @executable_path/Frameworks";
				MACH_O_TYPE = mh_execute;
				ONLY_ACTIVE_ARCH = NO;
				OTHER_LDFLAGS = (
					"$(inherited)",
					"-ObjC",
					"-l\"AFNetworking\"",
					"-l\"CocoaLumberjack\"",
					"-l\"MJExtension\"",
					"-l\"SSZipArchive\"",
					"-l\"z\"",
					"-framework",
					"\"CoreGraphics\"",
					"-framework",
					"\"MobileCoreServices\"",
					"-framework",
					"\"Security\"",
					"-framework",
					"\"SystemConfiguration\"",
				);
				PRODUCT_BUNDLE_IDENTIFIER = com.dfth.DfthSDKDemo;
				PRODUCT_NAME = "$(TARGET_NAME)";
				PROVISIONING_PROFILE = "";
				TARGETED_DEVICE_FAMILY = "1,2";
			};
			name = Debug;
		};
		957FC07A1E8357930015E459 /* Release */ = {
			isa = XCBuildConfiguration;
			baseConfigurationReference = 2E21C852EE35743852DD94B2 /* Pods-DfthSDKDemo.release.xcconfig */;
			buildSettings = {
				ALWAYS_SEARCH_USER_PATHS = NO;
				ASSETCATALOG_COMPILER_APPICON_NAME = AppIcon;
				CODE_SIGN_IDENTITY = "iPhone Developer";
				"CODE_SIGN_IDENTITY[sdk=iphoneos*]" = "iPhone Developer";
				DEVELOPMENT_TEAM = 4DK6QLK2RE;
				ENABLE_BITCODE = NO;
				FRAMEWORK_SEARCH_PATHS = (
					"$(inherited)",
					"$(PROJECT_DIR)/DfthSDKDemo/DfthSDK",
				);
				GCC_PREFIX_HEADER = "$(SRCROOT)/DfthSDKDemo/DfthSDKDemo.pch";
				INFOPLIST_FILE = DfthSDKDemo/Info.plist;
				IPHONEOS_DEPLOYMENT_TARGET = 14.0;
				LD_RUNPATH_SEARCH_PATHS = "$(inherited) @executable_path/Frameworks";
				MACH_O_TYPE = mh_execute;
				ONLY_ACTIVE_ARCH = NO;
				OTHER_LDFLAGS = (
					"$(inherited)",
					"-ObjC",
					"-l\"AFNetworking\"",
					"-l\"CocoaLumberjack\"",
					"-l\"MJExtension\"",
					"-l\"SSZipArchive\"",
					"-l\"z\"",
					"-framework",
					"\"CoreGraphics\"",
					"-framework",
					"\"MobileCoreServices\"",
					"-framework",
					"\"Security\"",
					"-framework",
					"\"SystemConfiguration\"",
				);
				PRODUCT_BUNDLE_IDENTIFIER = com.dfth.DfthSDKDemo;
				PRODUCT_NAME = "$(TARGET_NAME)";
				PROVISIONING_PROFILE = "";
				TARGETED_DEVICE_FAMILY = "1,2";
			};
			name = Release;
		};
/* End XCBuildConfiguration section */

/* Begin XCConfigurationList section */
		957FC05C1E8357930015E459 /* Build configuration list for PBXProject "DfthSDKDemo" */ = {
			isa = XCConfigurationList;
			buildConfigurations = (
				957FC0761E8357930015E459 /* Debug */,
				957FC0771E8357930015E459 /* Release */,
			);
			defaultConfigurationIsVisible = 0;
			defaultConfigurationName = Release;
		};
		957FC0781E8357930015E459 /* Build configuration list for PBXNativeTarget "DfthSDKDemo" */ = {
			isa = XCConfigurationList;
			buildConfigurations = (
				957FC0791E8357930015E459 /* Debug */,
				957FC07A1E8357930015E459 /* Release */,
			);
			defaultConfigurationIsVisible = 0;
			defaultConfigurationName = Release;
		};
/* End XCConfigurationList section */
	};
	rootObject = 957FC0591E8357930015E459 /* Project object */;
}
